lockfileVersion: '9.0'

settings:
  autoInstallPeers: true
  excludeLinksFromLockfile: false

importers:

  .:
    dependencies:
      solady:
        specifier: github:vectorized/solady
        version: https://codeload.github.com/vectorized/solady/tar.gz/83ea466fc85843420cd255d5ac7b19686a392337

packages:

  solady@https://codeload.github.com/vectorized/solady/tar.gz/83ea466fc85843420cd255d5ac7b19686a392337:
    resolution: {tarball: https://codeload.github.com/vectorized/solady/tar.gz/83ea466fc85843420cd255d5ac7b19686a392337}
    version: 0.1.9

snapshots:

  solady@https://codeload.github.com/vectorized/solady/tar.gz/83ea466fc85843420cd255d5ac7b19686a392337: {}
